
Microsoft Visual Studio Solution File, Format Version 12.00
Project("{2150E333-8FDC-42A3-9474-1A3956D46DE8}") = "Core", "Core", "{844B56E9-0A01-4E6D-B6BC-266A5C93D8E0}"
EndProject
Project("{2150E333-8FDC-42A3-9474-1A3956D46DE8}") = "External", "External", "{5801876F-4DA4-4BDA-8D9C-C3CBC62A292D}"
EndProject
Project("{FAE04EC0-301F-11D3-BF4B-00C04F79EFBC}") = "Application", "Application\Application.csproj", "{7F475942-AF9D-4E9B-94E2-9C09CC94A9A6}"
EndProject
Global
	GlobalSection(SolutionConfigurationPlatforms) = preSolution
		Debug|Any CPU = Debug|Any CPU
		Release|Any CPU = Release|Any CPU
	EndGlobalSection
	GlobalSection(NestedProjects) = preSolution
		{7F475942-AF9D-4E9B-94E2-9C09CC94A9A6} = {844B56E9-0A01-4E6D-B6BC-266A5C93D8E0}
	EndGlobalSection
	GlobalSection(ProjectConfigurationPlatforms) = postSolution
		{7F475942-AF9D-4E9B-94E2-9C09CC94A9A6}.Debug|Any CPU.ActiveCfg = Debug|Any CPU
		{7F475942-AF9D-4E9B-94E2-9C09CC94A9A6}.Debug|Any CPU.Build.0 = Debug|Any CPU
		{7F475942-AF9D-4E9B-94E2-9C09CC94A9A6}.Release|Any CPU.ActiveCfg = Release|Any CPU
		{7F475942-AF9D-4E9B-94E2-9C09CC94A9A6}.Release|Any CPU.Build.0 = Release|Any CPU
	EndGlobalSection
EndGlobal
